
Microsoft Visual Studio Solution File, Format Version 12.00
# Visual Studio 15
VisualStudioVersion = 15.0.27004.2005
MinimumVisualStudioVersion = 10.0.40219.1
Project("{FAE04EC0-301F-11D3-BF4B-00C04F79EFBC}") = "RayTracing", "RayTracing\RayTracing.csproj", "{CCF366A7-25BE-4493-B6E6-3E8D50570C22}"
EndProject
Global
	GlobalSection(SolutionConfigurationPlatforms) = preSolution
		Debug|x86 = Debug|x86
		Release|x86 = Release|x86
	EndGlobalSection
	GlobalSection(ProjectConfigurationPlatforms) = postSolution
		{CCF366A7-25BE-4493-B6E6-3E8D50570C22}.Debug|x86.ActiveCfg = Debug|x86
		{CCF366A7-25BE-4493-B6E6-3E8D50570C22}.Debug|x86.Build.0 = Debug|x86
		{CCF366A7-25BE-4493-B6E6-3E8D50570C22}.Release|x86.ActiveCfg = Release|x86
		{CCF366A7-25BE-4493-B6E6-3E8D50570C22}.Release|x86.Build.0 = Release|x86
	EndGlobalSection
	GlobalSection(SolutionProperties) = preSolution
		HideSolutionNode = FALSE
	EndGlobalSection
	GlobalSection(ExtensibilityGlobals) = postSolution
		SolutionGuid = {64912372-629D-4C51-9ED2-CB1D5723CA6F}
	EndGlobalSection
EndGlobal
